
Microsoft Visual Studio Solution File, Format Version 12.00
# Visual Studio Version 17
VisualStudioVersion = 17.2.32616.157
MinimumVisualStudioVersion = 10.0.40219.1
Project("{FAE04EC0-301F-11D3-BF4B-00C04F79EFBC}") = "WebProyecto", "WebProyecto\WebProyecto.csproj", "{6B3E7E0C-3250-4E0E-8D26-CC36A9313783}"
	ProjectSection(ProjectDependencies) = postProject
		{9CB17950-E4AD-4895-97E0-7068C3547415} = {9CB17950-E4AD-4895-97E0-7068C3547415}
	EndProjectSection
EndProject
Project("{FAE04EC0-301F-11D3-BF4B-00C04F79EFBC}") = "WCFProyecto", "WCFProyecto\WCFProyecto.csproj", "{9CB17950-E4AD-4895-97E0-7068C3547415}"
EndProject
Global
	GlobalSection(SolutionConfigurationPlatforms) = preSolution
		Debug|Any CPU = Debug|Any CPU
		Release|Any CPU = Release|Any CPU
	EndGlobalSection
	GlobalSection(ProjectConfigurationPlatforms) = postSolution
		{6B3E7E0C-3250-4E0E-8D26-CC36A9313783}.Debug|Any CPU.ActiveCfg = Debug|Any CPU
		{6B3E7E0C-3250-4E0E-8D26-CC36A9313783}.Debug|Any CPU.Build.0 = Debug|Any CPU
		{6B3E7E0C-3250-4E0E-8D26-CC36A9313783}.Release|Any CPU.ActiveCfg = Release|Any CPU
		{6B3E7E0C-3250-4E0E-8D26-CC36A9313783}.Release|Any CPU.Build.0 = Release|Any CPU
		{9CB17950-E4AD-4895-97E0-7068C3547415}.Debug|Any CPU.ActiveCfg = Debug|Any CPU
		{9CB17950-E4AD-4895-97E0-7068C3547415}.Debug|Any CPU.Build.0 = Debug|Any CPU
		{9CB17950-E4AD-4895-97E0-7068C3547415}.Release|Any CPU.ActiveCfg = Release|Any CPU
		{9CB17950-E4AD-4895-97E0-7068C3547415}.Release|Any CPU.Build.0 = Release|Any CPU
	EndGlobalSection
	GlobalSection(SolutionProperties) = preSolution
		HideSolutionNode = FALSE
	EndGlobalSection
	GlobalSection(ExtensibilityGlobals) = postSolution
		SolutionGuid = {4AD676DD-3757-4DE4-AC7D-EFE286EC2EBD}
	EndGlobalSection
EndGlobal
